// !$*UTF8*$!
{
	archiveVersion = 1;
	classes = {
	};
	objectVersion = 50;
	objects = {

/* Begin PBXBuildFile section */
		F984C62323953E930054A9D1 /* AppDelegate.m in Sources */ = {isa = PBXBuildFile; fileRef = F984C62223953E930054A9D1 /* AppDelegate.m */; };
		F984C62623953E930054A9D1 /* SceneDelegate.m in Sources */ = {isa = PBXBuildFile; fileRef = F984C62523953E930054A9D1 /* SceneDelegate.m */; };
		F984C62923953E930054A9D1 /* ViewController.m in Sources */ = {isa = PBXBuildFile; fileRef = F984C62823953E930054A9D1 /* ViewController.m */; };
		F984C62C23953E930054A9D1 /* Main.storyboard in Resources */ = {isa = PBXBuildFile; fileRef = F984C62A23953E930054A9D1 /* Main.storyboard */; };
		F984C62E23953E940054A9D1 /* Assets.xcassets in Resources */ = {isa = PBXBuildFile; fileRef = F984C62D23953E940054A9D1 /* Assets.xcassets */; };
		F984C63123953E940054A9D1 /* LaunchScreen.storyboard in Resources */ = {isa = PBXBuildFile; fileRef = F984C62F23953E940054A9D1 /* LaunchScreen.storyboard */; };
		F984C63423953E940054A9D1 /* main.m in Sources */ = {isa = PBXBuildFile; fileRef = F984C63323953E940054A9D1 /* main.m */; };
/* End PBXBuildFile section */

/* Begin PBXFileReference section */
		F984C61E23953E930054A9D1 /* GLSLSandBox.app */ = {isa = PBXFileReference; explicitFileType = wrapper.application; includeInIndex = 0; path = GLSLSandBox.app; sourceTree = BUILT_PRODUCTS_DIR; };
		F984C62123953E930054A9D1 /* AppDelegate.h */ = {isa = PBXFileReference; lastKnownFileType = sourcecode.c.h; path = AppDelegate.h; sourceTree = "<group>"; };
		F984C62223953E930054A9D1 /* AppDelegate.m */ = {isa = PBXFileReference; lastKnownFileType = sourcecode.c.objc; path = AppDelegate.m; sourceTree = "<group>"; };
		F984C62423953E930054A9D1 /* SceneDelegate.h */ = {isa = PBXFileReference; lastKnownFileType = sourcecode.c.h; path = SceneDelegate.h; sourceTree = "<group>"; };
		F984C62523953E930054A9D1 /* SceneDelegate.m */ = {isa = PBXFileReference; lastKnownFileType = sourcecode.c.objc; path = SceneDelegate.m; sourceTree = "<group>"; };
		F984C62723953E930054A9D1 /* ViewController.h */ = {isa = PBXFileReference; lastKnownFileType = sourcecode.c.h; path = ViewController.h; sourceTree = "<group>"; };
		F984C62823953E930054A9D1 /* ViewController.m */ = {isa = PBXFileReference; lastKnownFileType = sourcecode.c.objc; path = ViewController.m; sourceTree = "<group>"; };
		F984C62B23953E930054A9D1 /* Base */ = {isa = PBXFileReference; lastKnownFileType = file.storyboard; name = Base; path = Base.lproj/Main.storyboard; sourceTree = "<group>"; };
		F984C62D23953E940054A9D1 /* Assets.xcassets */ = {isa = PBXFileReference; lastKnownFileType = folder.assetcatalog; path = Assets.xcassets; sourceTree = "<group>"; };
		F984C63023953E940054A9D1 /* Base */ = {isa = PBXFileReference; lastKnownFileType = file.storyboard; name = Base; path = Base.lproj/LaunchScreen.storyboard; sourceTree = "<group>"; };
		F984C63223953E940054A9D1 /* Info.plist */ = {isa = PBXFileReference; lastKnownFileType = text.plist.xml; path = Info.plist; sourceTree = "<group>"; };
		F984C63323953E940054A9D1 /* main.m */ = {isa = PBXFileReference; lastKnownFileType = sourcecode.c.objc; path = main.m; sourceTree = "<group>"; };
/* End PBXFileReference section */

/* Begin PBXFrameworksBuildPhase section */
		F984C61B23953E930054A9D1 /* Frameworks */ = {
			isa = PBXFrameworksBuildPhase;
			buildActionMask = 2147483647;
			files = (
			);
			runOnlyForDeploymentPostprocessing = 0;
		};
/* End PBXFrameworksBuildPhase section */

/* Begin PBXGroup section */
		F984C61523953E930054A9D1 = {
			isa = PBXGroup;
			children = (
				F984C62023953E930054A9D1 /* GLSLSandBox */,
				F984C61F23953E930054A9D1 /* Products */,
			);
			sourceTree = "<group>";
		};
		F984C61F23953E930054A9D1 /* Products */ = {
			isa = PBXGroup;
			children = (
				F984C61E23953E930054A9D1 /* GLSLSandBox.app */,
			);
			name = Products;
			sourceTree = "<group>";
		};
		F984C62023953E930054A9D1 /* GLSLSandBox */ = {
			isa = PBXGroup;
			children = (
				F984C62123953E930054A9D1 /* AppDelegate.h */,
				F984C62223953E930054A9D1 /* AppDelegate.m */,
				F984C62423953E930054A9D1 /* SceneDelegate.h */,
				F984C62523953E930054A9D1 /* SceneDelegate.m */,
				F984C62723953E930054A9D1 /* ViewController.h */,
				F984C62823953E930054A9D1 /* ViewController.m */,
				F984C62A23953E930054A9D1 /* Main.storyboard */,
				F984C62D23953E940054A9D1 /* Assets.xcassets */,
				F984C62F23953E940054A9D1 /* LaunchScreen.storyboard */,
				F984C63223953E940054A9D1 /* Info.plist */,
				F984C63323953E940054A9D1 /* main.m */,
			);
			path = GLSLSandBox;
			sourceTree = "<group>";
		};
/* End PBXGroup section */

/* Begin PBXNativeTarget section */
		F984C61D23953E930054A9D1 /* GLSLSandBox */ = {
			isa = PBXNativeTarget;
			buildConfigurationList = F984C63723953E940054A9D1 /* Build configuration list for PBXNativeTarget "GLSLSandBox" */;
			buildPhases = (
				F984C61A23953E930054A9D1 /* Sources */,
				F984C61B23953E930054A9D1 /* Frameworks */,
				F984C61C23953E930054A9D1 /* Resources */,
			);
			buildRules = (
			);
			dependencies = (
			);
			name = GLSLSandBox;
			productName = GLSLSandBox;
			productReference = F984C61E23953E930054A9D1 /* GLSLSandBox.app */;
			productType = "com.apple.product-type.application";
		};
/* End PBXNativeTarget section */

/* Begin PBXProject section */
		F984C61623953E930054A9D1 /* Project object */ = {
			isa = PBXProject;
			attributes = {
				LastUpgradeCheck = 1120;
				ORGANIZATIONNAME = ashoka;
				TargetAttributes = {
					F984C61D23953E930054A9D1 = {
						CreatedOnToolsVersion = 11.2.1;
					};
				};
			};
			buildConfigurationList = F984C61923953E930054A9D1 /* Build configuration list for PBXProject "GLSLSandBox" */;
			compatibilityVersion = "Xcode 9.3";
			developmentRegion = en;
			hasScannedForEncodings = 0;
			knownRegions = (
				en,
				Base,
			);
			mainGroup = F984C61523953E930054A9D1;
			productRefGroup = F984C61F23953E930054A9D1 /* Products */;
			projectDirPath = "";
			projectRoot = "";
			targets = (
				F984C61D23953E930054A9D1 /* GLSLSandBox */,
			);
		};
/* End PBXProject section */

/* Begin PBXResourcesBuildPhase section */
		F984C61C23953E930054A9D1 /* Resources */ = {
			isa = PBXResourcesBuildPhase;
			buildActionMask = 2147483647;
			files = (
				F984C63123953E940054A9D1 /* LaunchScreen.storyboard in Resources */,
				F984C62E23953E940054A9D1 /* Assets.xcassets in Resources */,
				F984C62C23953E930054A9D1 /* Main.storyboard in Resources */,
			);
			runOnlyForDeploymentPostprocessing = 0;
		};
/* End PBXResourcesBuildPhase section */

/* Begin PBXSourcesBuildPhase section */
		F984C61A23953E930054A9D1 /* Sources */ = {
			isa = PBXSourcesBuildPhase;
			buildActionMask = 2147483647;
			files = (
				F984C62923953E930054A9D1 /* ViewController.m in Sources */,
				F984C62323953E930054A9D1 /* AppDelegate.m in Sources */,
				F984C63423953E940054A9D1 /* main.m in Sources */,
				F984C62623953E930054A9D1 /* SceneDelegate.m in Sources */,
			);
			runOnlyForDeploymentPostprocessing = 0;
		};
/* End PBXSourcesBuildPhase section */

/* Begin PBXVariantGroup section */
		F984C62A23953E930054A9D1 /* Main.storyboard */ = {
			isa = PBXVariantGroup;
			children = (
				F984C62B23953E930054A9D1 /* Base */,
			);
			name = Main.storyboard;
			sourceTree = "<group>";
		};
		F984C62F23953E940054A9D1 /* LaunchScreen.storyboard */ = {
			isa = PBXVariantGroup;
			children = (
				F984C63023953E940054A9D1 /* Base */,
			);
			name = LaunchScreen.storyboard;
			sourceTree = "<group>";
		};
/* End PBXVariantGroup section */

/* Begin XCBuildConfiguration section */
		F984C63523953E940054A9D1 /* Debug */ = {
			isa = XCBuildConfiguration;
			buildSettings = {
				ALWAYS_SEARCH_USER_PATHS = NO;
				CLANG_ANALYZER_NONNULL = YES;
				CLANG_ANALYZER_NUMBER_OBJECT_CONVERSION = YES_AGGRESSIVE;
				CLANG_CXX_LANGUAGE_STANDARD = "gnu++14";
				CLANG_CXX_LIBRARY = "libc++";
				CLANG_ENABLE_MODULES = YES;
				CLANG_ENABLE_OBJC_ARC = YES;
				CLANG_ENABLE_OBJC_WEAK = YES;
				CLANG_WARN_BLOCK_CAPTURE_AUTORELEASING = YES;
				CLANG_WARN_BOOL_CONVERSION = YES;
				CLANG_WARN_COMMA = YES;
				CLANG_WARN_CONSTANT_CONVERSION = YES;
				CLANG_WARN_DEPRECATED_OBJC_IMPLEMENTATIONS = YES;
				CLANG_WARN_DIRECT_OBJC_ISA_USAGE = YES_ERROR;
				CLANG_WARN_DOCUMENTATION_COMMENTS = YES;
				CLANG_WARN_EMPTY_BODY = YES;
				CLANG_WARN_ENUM_CONVERSION = YES;
				CLANG_WARN_INFINITE_RECURSION = YES;
				CLANG_WARN_INT_CONVERSION = YES;
				CLANG_WARN_NON_LITERAL_NULL_CONVERSION = YES;
				CLANG_WARN_OBJC_IMPLICIT_RETAIN_SELF = YES;
				CLANG_WARN_OBJC_LITERAL_CONVERSION = YES;
				CLANG_WARN_OBJC_ROOT_CLASS = YES_ERROR;
				CLANG_WARN_RANGE_LOOP_ANALYSIS = YES;
				CLANG_WARN_STRICT_PROTOTYPES = YES;
				CLANG_WARN_SUSPICIOUS_MOVE = YES;
				CLANG_WARN_UNGUARDED_AVAILABILITY = YES_AGGRESSIVE;
				CLANG_WARN_UNREACHABLE_CODE = YES;
				CLANG_WARN__DUPLICATE_METHOD_MATCH = YES;
				COPY_PHASE_STRIP = NO;
				DEBUG_INFORMATION_FORMAT = dwarf;
				ENABLE_STRICT_OBJC_MSGSEND = YES;
				ENABLE_TESTABILITY = YES;
				GCC_C_LANGUAGE_STANDARD = gnu11;
				GCC_DYNAMIC_NO_PIC = NO;
				GCC_NO_COMMON_BLOCKS = YES;
				GCC_OPTIMIZATION_LEVEL = 0;
				GCC_PREPROCESSOR_DEFINITIONS = (
					"DEBUG=1",
					"$(inherited)",
				);
				GCC_WARN_64_TO_32_BIT_CONVERSION = YES;
				GCC_WARN_ABOUT_RETURN_TYPE = YES_ERROR;
				GCC_WARN_UNDECLARED_SELECTOR = YES;
				GCC_WARN_UNINITIALIZED_AUTOS = YES_AGGRESSIVE;
				GCC_WARN_UNUSED_FUNCTION = YES;
				GCC_WARN_UNUSED_VARIABLE = YES;
				IPHONEOS_DEPLOYMENT_TARGET = 13.2;
				MTL_ENABLE_DEBUG_INFO = INCLUDE_SOURCE;
				MTL_FAST_MATH = YES;
				ONLY_ACTIVE_ARCH = YES;
				SDKROOT = iphoneos;
			};
			name = Debug;
		};
		F984C63623953E940054A9D1 /* Release */ = {
			isa = XCBuildConfiguration;
			buildSettings = {
				ALWAYS_SEARCH_USER_PATHS = NO;
				CLANG_ANALYZER_NONNULL = YES;
				CLANG_ANALYZER_NUMBER_OBJECT_CONVERSION = YES_AGGRESSIVE;
				CLANG_CXX_LANGUAGE_STANDARD = "gnu++14";
				CLANG_CXX_LIBRARY = "libc++";
				CLANG_ENABLE_MODULES = YES;
				CLANG_ENABLE_OBJC_ARC = YES;
				CLANG_ENABLE_OBJC_WEAK = YES;
				CLANG_WARN_BLOCK_CAPTURE_AUTORELEASING = YES;
				CLANG_WARN_BOOL_CONVERSION = YES;
				CLANG_WARN_COMMA = YES;
				CLANG_WARN_CONSTANT_CONVERSION = YES;
				CLANG_WARN_DEPRECATED_OBJC_IMPLEMENTATIONS = YES;
				CLANG_WARN_DIRECT_OBJC_ISA_USAGE = YES_ERROR;
				CLANG_WARN_DOCUMENTATION_COMMENTS = YES;
				CLANG_WARN_EMPTY_BODY = YES;
				CLANG_WARN_ENUM_CONVERSION = YES;
				CLANG_WARN_INFINITE_RECURSION = YES;
				CLANG_WARN_INT_CONVERSION = YES;
				CLANG_WARN_NON_LITERAL_NULL_CONVERSION = YES;
				CLANG_WARN_OBJC_IMPLICIT_RETAIN_SELF = YES;
				CLANG_WARN_OBJC_LITERAL_CONVERSION = YES;
				CLANG_WARN_OBJC_ROOT_CLASS = YES_ERROR;
				CLANG_WARN_RANGE_LOOP_ANALYSIS = YES;
				CLANG_WARN_STRICT_PROTOTYPES = YES;
				CLANG_WARN_SUSPICIOUS_MOVE = YES;
				CLANG_WARN_UNGUARDED_AVAILABILITY = YES_AGGRESSIVE;
				CLANG_WARN_UNREACHABLE_CODE = YES;
				CLANG_WARN__DUPLICATE_METHOD_MATCH = YES;
				COPY_PHASE_STRIP = NO;
				DEBUG_INFORMATION_FORMAT = "dwarf-with-dsym";
				ENABLE_NS_ASSERTIONS = NO;
				ENABLE_STRICT_OBJC_MSGSEND = YES;
				GCC_C_LANGUAGE_STANDARD = gnu11;
				GCC_NO_COMMON_BLOCKS = YES;
				GCC_WARN_64_TO_32_BIT_CONVERSION = YES;
				GCC_WARN_ABOUT_RETURN_TYPE = YES_ERROR;
				GCC_WARN_UNDECLARED_SELECTOR = YES;
				GCC_WARN_UNINITIALIZED_AUTOS = YES_AGGRESSIVE;
				GCC_WARN_UNUSED_FUNCTION = YES;
				GCC_WARN_UNUSED_VARIABLE = YES;
				IPHONEOS_DEPLOYMENT_TARGET = 13.2;
				MTL_ENABLE_DEBUG_INFO = NO;
				MTL_FAST_MATH = YES;
				SDKROOT = iphoneos;
				VALIDATE_PRODUCT = YES;
			};
			name = Release;
		};
		F984C63823953E940054A9D1 /* Debug */ = {
			isa = XCBuildConfiguration;
			buildSettings = {
				ASSETCATALOG_COMPILER_APPICON_NAME = AppIcon;
				CODE_SIGN_STYLE = Automatic;
				DEVELOPMENT_TEAM = YGTXB4R2WQ;
				INFOPLIST_FILE = GLSLSandBox/Info.plist;
				LD_RUNPATH_SEARCH_PATHS = (
					"$(inherited)",
					"@executable_path/Frameworks",
				);
				PRODUCT_BUNDLE_IDENTIFIER = com.ashoka.GLSLSandBox;
				PRODUCT_NAME = "$(TARGET_NAME)";
				TARGETED_DEVICE_FAMILY = "1,2";
			};
			name = Debug;
		};
		F984C63923953E940054A9D1 /* Release */ = {
			isa = XCBuildConfiguration;
			buildSettings = {
				ASSETCATALOG_COMPILER_APPICON_NAME = AppIcon;
				CODE_SIGN_STYLE = Automatic;
				DEVELOPMENT_TEAM = YGTXB4R2WQ;
				INFOPLIST_FILE = GLSLSandBox/Info.plist;
				LD_RUNPATH_SEARCH_PATHS = (
					"$(inherited)",
					"@executable_path/Frameworks",
				);
				PRODUCT_BUNDLE_IDENTIFIER = com.ashoka.GLSLSandBox;
				PRODUCT_NAME = "$(TARGET_NAME)";
				TARGETED_DEVICE_FAMILY = "1,2";
			};
			name = Release;
		};
/* End XCBuildConfiguration section */

/* Begin XCConfigurationList section */
		F984C61923953E930054A9D1 /* Build configuration list for PBXProject "GLSLSandBox" */ = {
			isa = XCConfigurationList;
			buildConfigurations = (
				F984C63523953E940054A9D1 /* Debug */,
				F984C63623953E940054A9D1 /* Release */,
			);
			defaultConfigurationIsVisible = 0;
			defaultConfigurationName = Release;
		};
		F984C63723953E940054A9D1 /* Build configuration list for PBXNativeTarget "GLSLSandBox" */ = {
			isa = XCConfigurationList;
			buildConfigurations = (
				F984C63823953E940054A9D1 /* Debug */,
				F984C63923953E940054A9D1 /* Release */,
			);
			defaultConfigurationIsVisible = 0;
			defaultConfigurationName = Release;
		};
/* End XCConfigurationList section */
	};
	rootObject = F984C61623953E930054A9D1 /* Project object */;
}
