// !$*UTF8*$!
{
	archiveVersion = 1;
	classes = {
	};
	objectVersion = 51;
	objects = {

/* Begin PBXBuildFile section */
		6F60FA09C85242216032F42A /* libPods-GLSLSandBox.a in Frameworks */ = {isa = PBXBuildFile; fileRef = 3196181EDE519C45369A6C03 /* libPods-GLSLSandBox.a */; };
		F93521E023A5D340001FB9FF /* GLSLSandboxMainViewController.m in Sources */ = {isa = PBXBuildFile; fileRef = F93521DF23A5D340001FB9FF /* GLSLSandboxMainViewController.m */; };
		F93521E323A5D6F9001FB9FF /* GLSLSandboxCustomViewController.m in Sources */ = {isa = PBXBuildFile; fileRef = F93521E223A5D6F9001FB9FF /* GLSLSandboxCustomViewController.m */; };
		F94247D023A6739E00AD4808 /* CodeMirrorEditor in Resources */ = {isa = PBXBuildFile; fileRef = F94247CF23A6739E00AD4808 /* CodeMirrorEditor */; };
		F94247D323A67F0E00AD4808 /* GLSLCodeViewController.m in Sources */ = {isa = PBXBuildFile; fileRef = F94247D223A67F0E00AD4808 /* GLSLCodeViewController.m */; };
		F95BF1EC23C4CBB9002FA92F /* GLSLFileManager.m in Sources */ = {isa = PBXBuildFile; fileRef = F95BF1EB23C4CBB9002FA92F /* GLSLFileManager.m */; };
		F984C62323953E930054A9D1 /* AppDelegate.m in Sources */ = {isa = PBXBuildFile; fileRef = F984C62223953E930054A9D1 /* AppDelegate.m */; };
		F984C62623953E930054A9D1 /* SceneDelegate.m in Sources */ = {isa = PBXBuildFile; fileRef = F984C62523953E930054A9D1 /* SceneDelegate.m */; };
		F984C62C23953E930054A9D1 /* Main.storyboard in Resources */ = {isa = PBXBuildFile; fileRef = F984C62A23953E930054A9D1 /* Main.storyboard */; };
		F984C62E23953E940054A9D1 /* Assets.xcassets in Resources */ = {isa = PBXBuildFile; fileRef = F984C62D23953E940054A9D1 /* Assets.xcassets */; };
		F984C63123953E940054A9D1 /* LaunchScreen.storyboard in Resources */ = {isa = PBXBuildFile; fileRef = F984C62F23953E940054A9D1 /* LaunchScreen.storyboard */; };
		F984C63423953E940054A9D1 /* main.m in Sources */ = {isa = PBXBuildFile; fileRef = F984C63323953E940054A9D1 /* main.m */; };
		F984C63E239541930054A9D1 /* GLSLSandboxOutput.m in Sources */ = {isa = PBXBuildFile; fileRef = F984C63C239541930054A9D1 /* GLSLSandboxOutput.m */; };
		F984C645239542130054A9D1 /* GLSLSandboxListViewController.m in Sources */ = {isa = PBXBuildFile; fileRef = F984C642239542130054A9D1 /* GLSLSandboxListViewController.m */; };
		F984C646239542130054A9D1 /* GLSLSandboxViewController.m in Sources */ = {isa = PBXBuildFile; fileRef = F984C643239542130054A9D1 /* GLSLSandboxViewController.m */; };
		F984C6522395435B0054A9D1 /* Flame.fsh in Resources */ = {isa = PBXBuildFile; fileRef = F984C64A2395435B0054A9D1 /* Flame.fsh */; };
		F984C6532395435B0054A9D1 /* SpreadLight.fsh in Resources */ = {isa = PBXBuildFile; fileRef = F984C64B2395435B0054A9D1 /* SpreadLight.fsh */; };
		F984C6542395435B0054A9D1 /* Example.fsh in Resources */ = {isa = PBXBuildFile; fileRef = F984C64C2395435B0054A9D1 /* Example.fsh */; };
		F984C6552395435B0054A9D1 /* VDrop.fsh in Resources */ = {isa = PBXBuildFile; fileRef = F984C64D2395435B0054A9D1 /* VDrop.fsh */; };
		F984C6562395435B0054A9D1 /* Garland.fsh in Resources */ = {isa = PBXBuildFile; fileRef = F984C64E2395435B0054A9D1 /* Garland.fsh */; };
		F984C6572395435B0054A9D1 /* Rabbit.fsh in Resources */ = {isa = PBXBuildFile; fileRef = F984C64F2395435B0054A9D1 /* Rabbit.fsh */; };
		F984C6582395435B0054A9D1 /* AshokaChakra.fsh in Resources */ = {isa = PBXBuildFile; fileRef = F984C6502395435B0054A9D1 /* AshokaChakra.fsh */; };
		F984C6592395435B0054A9D1 /* Round.fsh in Resources */ = {isa = PBXBuildFile; fileRef = F984C6512395435B0054A9D1 /* Round.fsh */; };
		F99EA04323ABD25C00C93A55 /* GLSLSandboxModel.m in Sources */ = {isa = PBXBuildFile; fileRef = F99EA04223ABD25C00C93A55 /* GLSLSandboxModel.m */; };
		F9CD14A4239F7F39004D19C9 /* GithubCat.fsh in Resources */ = {isa = PBXBuildFile; fileRef = F9CD14A3239F7F39004D19C9 /* GithubCat.fsh */; };
		F9CD14AA239F91D4004D19C9 /* ProteanClouds.fsh in Resources */ = {isa = PBXBuildFile; fileRef = F9CD14A9239F91D4004D19C9 /* ProteanClouds.fsh */; };
		F9CD14AC239F93F3004D19C9 /* Cybertruck.fsh in Resources */ = {isa = PBXBuildFile; fileRef = F9CD14AB239F93F3004D19C9 /* Cybertruck.fsh */; };
/* End PBXBuildFile section */

/* Begin PBXFileReference section */
		073CCA7FA9C6E042E6A82427 /* Pods-GLSLSandBox.release.xcconfig */ = {isa = PBXFileReference; includeInIndex = 1; lastKnownFileType = text.xcconfig; name = "Pods-GLSLSandBox.release.xcconfig"; path = "Pods/Target Support Files/Pods-GLSLSandBox/Pods-GLSLSandBox.release.xcconfig"; sourceTree = "<group>"; };
		3196181EDE519C45369A6C03 /* libPods-GLSLSandBox.a */ = {isa = PBXFileReference; explicitFileType = archive.ar; includeInIndex = 0; path = "libPods-GLSLSandBox.a"; sourceTree = BUILT_PRODUCTS_DIR; };
		98D7B3545D782ADDE8A54F44 /* Pods-GLSLSandBox.debug.xcconfig */ = {isa = PBXFileReference; includeInIndex = 1; lastKnownFileType = text.xcconfig; name = "Pods-GLSLSandBox.debug.xcconfig"; path = "Pods/Target Support Files/Pods-GLSLSandBox/Pods-GLSLSandBox.debug.xcconfig"; sourceTree = "<group>"; };
		F93521DE23A5D340001FB9FF /* GLSLSandboxMainViewController.h */ = {isa = PBXFileReference; lastKnownFileType = sourcecode.c.h; path = GLSLSandboxMainViewController.h; sourceTree = "<group>"; };
		F93521DF23A5D340001FB9FF /* GLSLSandboxMainViewController.m */ = {isa = PBXFileReference; lastKnownFileType = sourcecode.c.objc; path = GLSLSandboxMainViewController.m; sourceTree = "<group>"; };
		F93521E123A5D6F9001FB9FF /* GLSLSandboxCustomViewController.h */ = {isa = PBXFileReference; lastKnownFileType = sourcecode.c.h; path = GLSLSandboxCustomViewController.h; sourceTree = "<group>"; };
		F93521E223A5D6F9001FB9FF /* GLSLSandboxCustomViewController.m */ = {isa = PBXFileReference; lastKnownFileType = sourcecode.c.objc; path = GLSLSandboxCustomViewController.m; sourceTree = "<group>"; };
		F94247CF23A6739E00AD4808 /* CodeMirrorEditor */ = {isa = PBXFileReference; lastKnownFileType = folder; path = CodeMirrorEditor; sourceTree = "<group>"; };
		F94247D123A67F0E00AD4808 /* GLSLCodeViewController.h */ = {isa = PBXFileReference; lastKnownFileType = sourcecode.c.h; path = GLSLCodeViewController.h; sourceTree = "<group>"; };
		F94247D223A67F0E00AD4808 /* GLSLCodeViewController.m */ = {isa = PBXFileReference; lastKnownFileType = sourcecode.c.objc; path = GLSLCodeViewController.m; sourceTree = "<group>"; };
		F95BF1EA23C4CBB9002FA92F /* GLSLFileManager.h */ = {isa = PBXFileReference; lastKnownFileType = sourcecode.c.h; path = GLSLFileManager.h; sourceTree = "<group>"; };
		F95BF1EB23C4CBB9002FA92F /* GLSLFileManager.m */ = {isa = PBXFileReference; lastKnownFileType = sourcecode.c.objc; path = GLSLFileManager.m; sourceTree = "<group>"; };
		F984C61E23953E930054A9D1 /* GLSLSandBox.app */ = {isa = PBXFileReference; explicitFileType = wrapper.application; includeInIndex = 0; path = GLSLSandBox.app; sourceTree = BUILT_PRODUCTS_DIR; };
		F984C62123953E930054A9D1 /* AppDelegate.h */ = {isa = PBXFileReference; lastKnownFileType = sourcecode.c.h; path = AppDelegate.h; sourceTree = "<group>"; };
		F984C62223953E930054A9D1 /* AppDelegate.m */ = {isa = PBXFileReference; lastKnownFileType = sourcecode.c.objc; path = AppDelegate.m; sourceTree = "<group>"; };
		F984C62423953E930054A9D1 /* SceneDelegate.h */ = {isa = PBXFileReference; lastKnownFileType = sourcecode.c.h; path = SceneDelegate.h; sourceTree = "<group>"; };
		F984C62523953E930054A9D1 /* SceneDelegate.m */ = {isa = PBXFileReference; lastKnownFileType = sourcecode.c.objc; path = SceneDelegate.m; sourceTree = "<group>"; };
		F984C62B23953E930054A9D1 /* Base */ = {isa = PBXFileReference; lastKnownFileType = file.storyboard; name = Base; path = Base.lproj/Main.storyboard; sourceTree = "<group>"; };
		F984C62D23953E940054A9D1 /* Assets.xcassets */ = {isa = PBXFileReference; lastKnownFileType = folder.assetcatalog; path = Assets.xcassets; sourceTree = "<group>"; };
		F984C63023953E940054A9D1 /* Base */ = {isa = PBXFileReference; lastKnownFileType = file.storyboard; name = Base; path = Base.lproj/LaunchScreen.storyboard; sourceTree = "<group>"; };
		F984C63223953E940054A9D1 /* Info.plist */ = {isa = PBXFileReference; lastKnownFileType = text.plist.xml; path = Info.plist; sourceTree = "<group>"; };
		F984C63323953E940054A9D1 /* main.m */ = {isa = PBXFileReference; lastKnownFileType = sourcecode.c.objc; path = main.m; sourceTree = "<group>"; };
		F984C63C239541930054A9D1 /* GLSLSandboxOutput.m */ = {isa = PBXFileReference; fileEncoding = 4; lastKnownFileType = sourcecode.c.objc; path = GLSLSandboxOutput.m; sourceTree = "<group>"; };
		F984C63D239541930054A9D1 /* GLSLSandboxOutput.h */ = {isa = PBXFileReference; fileEncoding = 4; lastKnownFileType = sourcecode.c.h; path = GLSLSandboxOutput.h; sourceTree = "<group>"; };
		F984C641239542130054A9D1 /* GLSLSandboxViewController.h */ = {isa = PBXFileReference; fileEncoding = 4; lastKnownFileType = sourcecode.c.h; path = GLSLSandboxViewController.h; sourceTree = "<group>"; };
		F984C642239542130054A9D1 /* GLSLSandboxListViewController.m */ = {isa = PBXFileReference; fileEncoding = 4; lastKnownFileType = sourcecode.c.objc; path = GLSLSandboxListViewController.m; sourceTree = "<group>"; };
		F984C643239542130054A9D1 /* GLSLSandboxViewController.m */ = {isa = PBXFileReference; fileEncoding = 4; lastKnownFileType = sourcecode.c.objc; path = GLSLSandboxViewController.m; sourceTree = "<group>"; };
		F984C644239542130054A9D1 /* GLSLSandboxListViewController.h */ = {isa = PBXFileReference; fileEncoding = 4; lastKnownFileType = sourcecode.c.h; path = GLSLSandboxListViewController.h; sourceTree = "<group>"; };
		F984C64A2395435B0054A9D1 /* Flame.fsh */ = {isa = PBXFileReference; fileEncoding = 4; lastKnownFileType = sourcecode.glsl; path = Flame.fsh; sourceTree = "<group>"; };
		F984C64B2395435B0054A9D1 /* SpreadLight.fsh */ = {isa = PBXFileReference; fileEncoding = 4; lastKnownFileType = sourcecode.glsl; path = SpreadLight.fsh; sourceTree = "<group>"; };
		F984C64C2395435B0054A9D1 /* Example.fsh */ = {isa = PBXFileReference; fileEncoding = 4; lastKnownFileType = sourcecode.glsl; path = Example.fsh; sourceTree = "<group>"; };
		F984C64D2395435B0054A9D1 /* VDrop.fsh */ = {isa = PBXFileReference; fileEncoding = 4; lastKnownFileType = sourcecode.glsl; path = VDrop.fsh; sourceTree = "<group>"; };
		F984C64E2395435B0054A9D1 /* Garland.fsh */ = {isa = PBXFileReference; fileEncoding = 4; lastKnownFileType = sourcecode.glsl; path = Garland.fsh; sourceTree = "<group>"; };
		F984C64F2395435B0054A9D1 /* Rabbit.fsh */ = {isa = PBXFileReference; fileEncoding = 4; lastKnownFileType = sourcecode.glsl; path = Rabbit.fsh; sourceTree = "<group>"; };
		F984C6502395435B0054A9D1 /* AshokaChakra.fsh */ = {isa = PBXFileReference; fileEncoding = 4; lastKnownFileType = sourcecode.glsl; path = AshokaChakra.fsh; sourceTree = "<group>"; };
		F984C6512395435B0054A9D1 /* Round.fsh */ = {isa = PBXFileReference; fileEncoding = 4; lastKnownFileType = sourcecode.glsl; path = Round.fsh; sourceTree = "<group>"; };
		F99EA04123ABD25C00C93A55 /* GLSLSandboxModel.h */ = {isa = PBXFileReference; lastKnownFileType = sourcecode.c.h; path = GLSLSandboxModel.h; sourceTree = "<group>"; };
		F99EA04223ABD25C00C93A55 /* GLSLSandboxModel.m */ = {isa = PBXFileReference; lastKnownFileType = sourcecode.c.objc; path = GLSLSandboxModel.m; sourceTree = "<group>"; };
		F9CD14A3239F7F39004D19C9 /* GithubCat.fsh */ = {isa = PBXFileReference; lastKnownFileType = sourcecode.glsl; path = GithubCat.fsh; sourceTree = "<group>"; };
		F9CD14A9239F91D4004D19C9 /* ProteanClouds.fsh */ = {isa = PBXFileReference; lastKnownFileType = sourcecode.glsl; path = ProteanClouds.fsh; sourceTree = "<group>"; };
		F9CD14AB239F93F3004D19C9 /* Cybertruck.fsh */ = {isa = PBXFileReference; fileEncoding = 4; lastKnownFileType = sourcecode.glsl; path = Cybertruck.fsh; sourceTree = "<group>"; };
/* End PBXFileReference section */

/* Begin PBXFrameworksBuildPhase section */
		F984C61B23953E930054A9D1 /* Frameworks */ = {
			isa = PBXFrameworksBuildPhase;
			buildActionMask = 2147483647;
			files = (
				6F60FA09C85242216032F42A /* libPods-GLSLSandBox.a in Frameworks */,
			);
			runOnlyForDeploymentPostprocessing = 0;
		};
/* End PBXFrameworksBuildPhase section */

/* Begin PBXGroup section */
		BDBA397ACFAD4D4BFEEB2EB4 /* Frameworks */ = {
			isa = PBXGroup;
			children = (
				3196181EDE519C45369A6C03 /* libPods-GLSLSandBox.a */,
			);
			name = Frameworks;
			sourceTree = "<group>";
		};
		DB371B5B5B3EDDEFBFF2B459 /* Pods */ = {
			isa = PBXGroup;
			children = (
				98D7B3545D782ADDE8A54F44 /* Pods-GLSLSandBox.debug.xcconfig */,
				073CCA7FA9C6E042E6A82427 /* Pods-GLSLSandBox.release.xcconfig */,
			);
			name = Pods;
			sourceTree = "<group>";
		};
		F95BF1E923C4CA9D002FA92F /* Managers */ = {
			isa = PBXGroup;
			children = (
				F95BF1EA23C4CBB9002FA92F /* GLSLFileManager.h */,
				F95BF1EB23C4CBB9002FA92F /* GLSLFileManager.m */,
			);
			path = Managers;
			sourceTree = "<group>";
		};
		F984C61523953E930054A9D1 = {
			isa = PBXGroup;
			children = (
				F984C62023953E930054A9D1 /* GLSLSandBox */,
				F984C61F23953E930054A9D1 /* Products */,
				DB371B5B5B3EDDEFBFF2B459 /* Pods */,
				BDBA397ACFAD4D4BFEEB2EB4 /* Frameworks */,
			);
			sourceTree = "<group>";
		};
		F984C61F23953E930054A9D1 /* Products */ = {
			isa = PBXGroup;
			children = (
				F984C61E23953E930054A9D1 /* GLSLSandBox.app */,
			);
			name = Products;
			sourceTree = "<group>";
		};
		F984C62023953E930054A9D1 /* GLSLSandBox */ = {
			isa = PBXGroup;
			children = (
				F95BF1E923C4CA9D002FA92F /* Managers */,
				F99EA04023ABD20B00C93A55 /* Models */,
				F94247CF23A6739E00AD4808 /* CodeMirrorEditor */,
				F984C6492395435B0054A9D1 /* FragmentShader */,
				F984C640239542130054A9D1 /* Controllers */,
				F984C63B239541520054A9D1 /* GLSLOutput */,
				F984C62123953E930054A9D1 /* AppDelegate.h */,
				F984C62223953E930054A9D1 /* AppDelegate.m */,
				F984C62423953E930054A9D1 /* SceneDelegate.h */,
				F984C62523953E930054A9D1 /* SceneDelegate.m */,
				F984C62A23953E930054A9D1 /* Main.storyboard */,
				F984C62D23953E940054A9D1 /* Assets.xcassets */,
				F984C62F23953E940054A9D1 /* LaunchScreen.storyboard */,
				F984C63223953E940054A9D1 /* Info.plist */,
				F984C63323953E940054A9D1 /* main.m */,
			);
			path = GLSLSandBox;
			sourceTree = "<group>";
		};
		F984C63B239541520054A9D1 /* GLSLOutput */ = {
			isa = PBXGroup;
			children = (
				F984C63D239541930054A9D1 /* GLSLSandboxOutput.h */,
				F984C63C239541930054A9D1 /* GLSLSandboxOutput.m */,
			);
			path = GLSLOutput;
			sourceTree = "<group>";
		};
		F984C640239542130054A9D1 /* Controllers */ = {
			isa = PBXGroup;
			children = (
				F984C644239542130054A9D1 /* GLSLSandboxListViewController.h */,
				F984C642239542130054A9D1 /* GLSLSandboxListViewController.m */,
				F984C641239542130054A9D1 /* GLSLSandboxViewController.h */,
				F984C643239542130054A9D1 /* GLSLSandboxViewController.m */,
				F93521DE23A5D340001FB9FF /* GLSLSandboxMainViewController.h */,
				F93521DF23A5D340001FB9FF /* GLSLSandboxMainViewController.m */,
				F93521E123A5D6F9001FB9FF /* GLSLSandboxCustomViewController.h */,
				F93521E223A5D6F9001FB9FF /* GLSLSandboxCustomViewController.m */,
				F94247D123A67F0E00AD4808 /* GLSLCodeViewController.h */,
				F94247D223A67F0E00AD4808 /* GLSLCodeViewController.m */,
			);
			path = Controllers;
			sourceTree = "<group>";
		};
		F984C6492395435B0054A9D1 /* FragmentShader */ = {
			isa = PBXGroup;
			children = (
				F9CD14AB239F93F3004D19C9 /* Cybertruck.fsh */,
				F984C64A2395435B0054A9D1 /* Flame.fsh */,
				F984C64B2395435B0054A9D1 /* SpreadLight.fsh */,
				F984C64C2395435B0054A9D1 /* Example.fsh */,
				F984C64D2395435B0054A9D1 /* VDrop.fsh */,
				F984C64E2395435B0054A9D1 /* Garland.fsh */,
				F984C64F2395435B0054A9D1 /* Rabbit.fsh */,
				F984C6502395435B0054A9D1 /* AshokaChakra.fsh */,
				F984C6512395435B0054A9D1 /* Round.fsh */,
				F9CD14A3239F7F39004D19C9 /* GithubCat.fsh */,
				F9CD14A9239F91D4004D19C9 /* ProteanClouds.fsh */,
			);
			path = FragmentShader;
			sourceTree = "<group>";
		};
		F99EA04023ABD20B00C93A55 /* Models */ = {
			isa = PBXGroup;
			children = (
				F99EA04123ABD25C00C93A55 /* GLSLSandboxModel.h */,
				F99EA04223ABD25C00C93A55 /* GLSLSandboxModel.m */,
			);
			path = Models;
			sourceTree = "<group>";
		};
/* End PBXGroup section */

/* Begin PBXNativeTarget section */
		F984C61D23953E930054A9D1 /* GLSLSandBox */ = {
			isa = PBXNativeTarget;
			buildConfigurationList = F984C63723953E940054A9D1 /* Build configuration list for PBXNativeTarget "GLSLSandBox" */;
			buildPhases = (
				11632E4CC6824E2168D06F4D /* [CP] Check Pods Manifest.lock */,
				F984C61A23953E930054A9D1 /* Sources */,
				F984C61B23953E930054A9D1 /* Frameworks */,
				F984C61C23953E930054A9D1 /* Resources */,
				223D5EA46B9952F7F36FFA99 /* [CP] Copy Pods Resources */,
			);
			buildRules = (
			);
			dependencies = (
			);
			name = GLSLSandBox;
			productName = GLSLSandBox;
			productReference = F984C61E23953E930054A9D1 /* GLSLSandBox.app */;
			productType = "com.apple.product-type.application";
		};
/* End PBXNativeTarget section */

/* Begin PBXProject section */
		F984C61623953E930054A9D1 /* Project object */ = {
			isa = PBXProject;
			attributes = {
				LastUpgradeCheck = 1120;
				ORGANIZATIONNAME = ashoka;
				TargetAttributes = {
					F984C61D23953E930054A9D1 = {
						CreatedOnToolsVersion = 11.2.1;
					};
				};
			};
			buildConfigurationList = F984C61923953E930054A9D1 /* Build configuration list for PBXProject "GLSLSandBox" */;
			compatibilityVersion = "Xcode 9.3";
			developmentRegion = en;
			hasScannedForEncodings = 0;
			knownRegions = (
				en,
				Base,
			);
			mainGroup = F984C61523953E930054A9D1;
			productRefGroup = F984C61F23953E930054A9D1 /* Products */;
			projectDirPath = "";
			projectRoot = "";
			targets = (
				F984C61D23953E930054A9D1 /* GLSLSandBox */,
			);
		};
/* End PBXProject section */

/* Begin PBXResourcesBuildPhase section */
		F984C61C23953E930054A9D1 /* Resources */ = {
			isa = PBXResourcesBuildPhase;
			buildActionMask = 2147483647;
			files = (
				F984C6582395435B0054A9D1 /* AshokaChakra.fsh in Resources */,
				F984C6542395435B0054A9D1 /* Example.fsh in Resources */,
				F984C6592395435B0054A9D1 /* Round.fsh in Resources */,
				F9CD14AA239F91D4004D19C9 /* ProteanClouds.fsh in Resources */,
				F984C63123953E940054A9D1 /* LaunchScreen.storyboard in Resources */,
				F984C6572395435B0054A9D1 /* Rabbit.fsh in Resources */,
				F984C6552395435B0054A9D1 /* VDrop.fsh in Resources */,
				F984C6562395435B0054A9D1 /* Garland.fsh in Resources */,
				F9CD14A4239F7F39004D19C9 /* GithubCat.fsh in Resources */,
				F9CD14AC239F93F3004D19C9 /* Cybertruck.fsh in Resources */,
				F984C6522395435B0054A9D1 /* Flame.fsh in Resources */,
				F984C62E23953E940054A9D1 /* Assets.xcassets in Resources */,
				F984C6532395435B0054A9D1 /* SpreadLight.fsh in Resources */,
				F984C62C23953E930054A9D1 /* Main.storyboard in Resources */,
				F94247D023A6739E00AD4808 /* CodeMirrorEditor in Resources */,
			);
			runOnlyForDeploymentPostprocessing = 0;
		};
/* End PBXResourcesBuildPhase section */

/* Begin PBXShellScriptBuildPhase section */
		11632E4CC6824E2168D06F4D /* [CP] Check Pods Manifest.lock */ = {
			isa = PBXShellScriptBuildPhase;
			buildActionMask = 2147483647;
			files = (
			);
			inputFileListPaths = (
			);
			inputPaths = (
				"${PODS_PODFILE_DIR_PATH}/Podfile.lock",
				"${PODS_ROOT}/Manifest.lock",
			);
			name = "[CP] Check Pods Manifest.lock";
			outputFileListPaths = (
			);
			outputPaths = (
				"$(DERIVED_FILE_DIR)/Pods-GLSLSandBox-checkManifestLockResult.txt",
			);
			runOnlyForDeploymentPostprocessing = 0;
			shellPath = /bin/sh;
			shellScript = "diff \"${PODS_PODFILE_DIR_PATH}/Podfile.lock\" \"${PODS_ROOT}/Manifest.lock\" > /dev/null\nif [ $? != 0 ] ; then\n    # print error to STDERR\n    echo \"error: The sandbox is not in sync with the Podfile.lock. Run 'pod install' or update your CocoaPods installation.\" >&2\n    exit 1\nfi\n# This output is used by Xcode 'outputs' to avoid re-running this script phase.\necho \"SUCCESS\" > \"${SCRIPT_OUTPUT_FILE_0}\"\n";
			showEnvVarsInLog = 0;
		};
		223D5EA46B9952F7F36FFA99 /* [CP] Copy Pods Resources */ = {
			isa = PBXShellScriptBuildPhase;
			buildActionMask = 2147483647;
			files = (
			);
			inputFileListPaths = (
				"${PODS_ROOT}/Target Support Files/Pods-GLSLSandBox/Pods-GLSLSandBox-resources-${CONFIGURATION}-input-files.xcfilelist",
			);
			name = "[CP] Copy Pods Resources";
			outputFileListPaths = (
				"${PODS_ROOT}/Target Support Files/Pods-GLSLSandBox/Pods-GLSLSandBox-resources-${CONFIGURATION}-output-files.xcfilelist",
			);
			runOnlyForDeploymentPostprocessing = 0;
			shellPath = /bin/sh;
			shellScript = "\"${PODS_ROOT}/Target Support Files/Pods-GLSLSandBox/Pods-GLSLSandBox-resources.sh\"\n";
			showEnvVarsInLog = 0;
		};
/* End PBXShellScriptBuildPhase section */

/* Begin PBXSourcesBuildPhase section */
		F984C61A23953E930054A9D1 /* Sources */ = {
			isa = PBXSourcesBuildPhase;
			buildActionMask = 2147483647;
			files = (
				F984C62323953E930054A9D1 /* AppDelegate.m in Sources */,
				F94247D323A67F0E00AD4808 /* GLSLCodeViewController.m in Sources */,
				F984C646239542130054A9D1 /* GLSLSandboxViewController.m in Sources */,
				F984C645239542130054A9D1 /* GLSLSandboxListViewController.m in Sources */,
				F984C63423953E940054A9D1 /* main.m in Sources */,
				F93521E023A5D340001FB9FF /* GLSLSandboxMainViewController.m in Sources */,
				F93521E323A5D6F9001FB9FF /* GLSLSandboxCustomViewController.m in Sources */,
				F984C62623953E930054A9D1 /* SceneDelegate.m in Sources */,
				F95BF1EC23C4CBB9002FA92F /* GLSLFileManager.m in Sources */,
				F984C63E239541930054A9D1 /* GLSLSandboxOutput.m in Sources */,
				F99EA04323ABD25C00C93A55 /* GLSLSandboxModel.m in Sources */,
			);
			runOnlyForDeploymentPostprocessing = 0;
		};
/* End PBXSourcesBuildPhase section */

/* Begin PBXVariantGroup section */
		F984C62A23953E930054A9D1 /* Main.storyboard */ = {
			isa = PBXVariantGroup;
			children = (
				F984C62B23953E930054A9D1 /* Base */,
			);
			name = Main.storyboard;
			sourceTree = "<group>";
		};
		F984C62F23953E940054A9D1 /* LaunchScreen.storyboard */ = {
			isa = PBXVariantGroup;
			children = (
				F984C63023953E940054A9D1 /* Base */,
			);
			name = LaunchScreen.storyboard;
			sourceTree = "<group>";
		};
/* End PBXVariantGroup section */

/* Begin XCBuildConfiguration section */
		F984C63523953E940054A9D1 /* Debug */ = {
			isa = XCBuildConfiguration;
			buildSettings = {
				ALWAYS_SEARCH_USER_PATHS = NO;
				CLANG_ANALYZER_NONNULL = YES;
				CLANG_ANALYZER_NUMBER_OBJECT_CONVERSION = YES_AGGRESSIVE;
				CLANG_CXX_LANGUAGE_STANDARD = "gnu++14";
				CLANG_CXX_LIBRARY = "libc++";
				CLANG_ENABLE_MODULES = YES;
				CLANG_ENABLE_OBJC_ARC = YES;
				CLANG_ENABLE_OBJC_WEAK = YES;
				CLANG_WARN_BLOCK_CAPTURE_AUTORELEASING = YES;
				CLANG_WARN_BOOL_CONVERSION = YES;
				CLANG_WARN_COMMA = YES;
				CLANG_WARN_CONSTANT_CONVERSION = YES;
				CLANG_WARN_DEPRECATED_OBJC_IMPLEMENTATIONS = YES;
				CLANG_WARN_DIRECT_OBJC_ISA_USAGE = YES_ERROR;
				CLANG_WARN_DOCUMENTATION_COMMENTS = YES;
				CLANG_WARN_EMPTY_BODY = YES;
				CLANG_WARN_ENUM_CONVERSION = YES;
				CLANG_WARN_INFINITE_RECURSION = YES;
				CLANG_WARN_INT_CONVERSION = YES;
				CLANG_WARN_NON_LITERAL_NULL_CONVERSION = YES;
				CLANG_WARN_OBJC_IMPLICIT_RETAIN_SELF = YES;
				CLANG_WARN_OBJC_LITERAL_CONVERSION = YES;
				CLANG_WARN_OBJC_ROOT_CLASS = YES_ERROR;
				CLANG_WARN_RANGE_LOOP_ANALYSIS = YES;
				CLANG_WARN_STRICT_PROTOTYPES = YES;
				CLANG_WARN_SUSPICIOUS_MOVE = YES;
				CLANG_WARN_UNGUARDED_AVAILABILITY = YES_AGGRESSIVE;
				CLANG_WARN_UNREACHABLE_CODE = YES;
				CLANG_WARN__DUPLICATE_METHOD_MATCH = YES;
				COPY_PHASE_STRIP = NO;
				DEBUG_INFORMATION_FORMAT = dwarf;
				ENABLE_STRICT_OBJC_MSGSEND = YES;
				ENABLE_TESTABILITY = YES;
				GCC_C_LANGUAGE_STANDARD = gnu11;
				GCC_DYNAMIC_NO_PIC = NO;
				GCC_NO_COMMON_BLOCKS = YES;
				GCC_OPTIMIZATION_LEVEL = 0;
				GCC_PREPROCESSOR_DEFINITIONS = (
					"DEBUG=1",
					"$(inherited)",
				);
				GCC_WARN_64_TO_32_BIT_CONVERSION = YES;
				GCC_WARN_ABOUT_RETURN_TYPE = YES_ERROR;
				GCC_WARN_UNDECLARED_SELECTOR = YES;
				GCC_WARN_UNINITIALIZED_AUTOS = YES_AGGRESSIVE;
				GCC_WARN_UNUSED_FUNCTION = YES;
				GCC_WARN_UNUSED_VARIABLE = YES;
				IPHONEOS_DEPLOYMENT_TARGET = 13.2;
				MTL_ENABLE_DEBUG_INFO = INCLUDE_SOURCE;
				MTL_FAST_MATH = YES;
				ONLY_ACTIVE_ARCH = YES;
				SDKROOT = iphoneos;
			};
			name = Debug;
		};
		F984C63623953E940054A9D1 /* Release */ = {
			isa = XCBuildConfiguration;
			buildSettings = {
				ALWAYS_SEARCH_USER_PATHS = NO;
				CLANG_ANALYZER_NONNULL = YES;
				CLANG_ANALYZER_NUMBER_OBJECT_CONVERSION = YES_AGGRESSIVE;
				CLANG_CXX_LANGUAGE_STANDARD = "gnu++14";
				CLANG_CXX_LIBRARY = "libc++";
				CLANG_ENABLE_MODULES = YES;
				CLANG_ENABLE_OBJC_ARC = YES;
				CLANG_ENABLE_OBJC_WEAK = YES;
				CLANG_WARN_BLOCK_CAPTURE_AUTORELEASING = YES;
				CLANG_WARN_BOOL_CONVERSION = YES;
				CLANG_WARN_COMMA = YES;
				CLANG_WARN_CONSTANT_CONVERSION = YES;
				CLANG_WARN_DEPRECATED_OBJC_IMPLEMENTATIONS = YES;
				CLANG_WARN_DIRECT_OBJC_ISA_USAGE = YES_ERROR;
				CLANG_WARN_DOCUMENTATION_COMMENTS = YES;
				CLANG_WARN_EMPTY_BODY = YES;
				CLANG_WARN_ENUM_CONVERSION = YES;
				CLANG_WARN_INFINITE_RECURSION = YES;
				CLANG_WARN_INT_CONVERSION = YES;
				CLANG_WARN_NON_LITERAL_NULL_CONVERSION = YES;
				CLANG_WARN_OBJC_IMPLICIT_RETAIN_SELF = YES;
				CLANG_WARN_OBJC_LITERAL_CONVERSION = YES;
				CLANG_WARN_OBJC_ROOT_CLASS = YES_ERROR;
				CLANG_WARN_RANGE_LOOP_ANALYSIS = YES;
				CLANG_WARN_STRICT_PROTOTYPES = YES;
				CLANG_WARN_SUSPICIOUS_MOVE = YES;
				CLANG_WARN_UNGUARDED_AVAILABILITY = YES_AGGRESSIVE;
				CLANG_WARN_UNREACHABLE_CODE = YES;
				CLANG_WARN__DUPLICATE_METHOD_MATCH = YES;
				COPY_PHASE_STRIP = NO;
				DEBUG_INFORMATION_FORMAT = "dwarf-with-dsym";
				ENABLE_NS_ASSERTIONS = NO;
				ENABLE_STRICT_OBJC_MSGSEND = YES;
				GCC_C_LANGUAGE_STANDARD = gnu11;
				GCC_NO_COMMON_BLOCKS = YES;
				GCC_WARN_64_TO_32_BIT_CONVERSION = YES;
				GCC_WARN_ABOUT_RETURN_TYPE = YES_ERROR;
				GCC_WARN_UNDECLARED_SELECTOR = YES;
				GCC_WARN_UNINITIALIZED_AUTOS = YES_AGGRESSIVE;
				GCC_WARN_UNUSED_FUNCTION = YES;
				GCC_WARN_UNUSED_VARIABLE = YES;
				IPHONEOS_DEPLOYMENT_TARGET = 13.2;
				MTL_ENABLE_DEBUG_INFO = NO;
				MTL_FAST_MATH = YES;
				SDKROOT = iphoneos;
				VALIDATE_PRODUCT = YES;
			};
			name = Release;
		};
		F984C63823953E940054A9D1 /* Debug */ = {
			isa = XCBuildConfiguration;
			baseConfigurationReference = 98D7B3545D782ADDE8A54F44 /* Pods-GLSLSandBox.debug.xcconfig */;
			buildSettings = {
				ASSETCATALOG_COMPILER_APPICON_NAME = AppIcon;
				CODE_SIGN_STYLE = Automatic;
				DEVELOPMENT_TEAM = 5ZDZ2RA37W;
				INFOPLIST_FILE = GLSLSandBox/Info.plist;
				IPHONEOS_DEPLOYMENT_TARGET = 9.0;
				LD_RUNPATH_SEARCH_PATHS = (
					"$(inherited)",
					"@executable_path/Frameworks",
				);
				PRODUCT_BUNDLE_IDENTIFIER = com.ashoka.glslsandbox.ios;
				PRODUCT_NAME = "$(TARGET_NAME)";
				TARGETED_DEVICE_FAMILY = "1,2";
			};
			name = Debug;
		};
		F984C63923953E940054A9D1 /* Release */ = {
			isa = XCBuildConfiguration;
			baseConfigurationReference = 073CCA7FA9C6E042E6A82427 /* Pods-GLSLSandBox.release.xcconfig */;
			buildSettings = {
				ASSETCATALOG_COMPILER_APPICON_NAME = AppIcon;
				CODE_SIGN_STYLE = Automatic;
				DEVELOPMENT_TEAM = 5ZDZ2RA37W;
				INFOPLIST_FILE = GLSLSandBox/Info.plist;
				IPHONEOS_DEPLOYMENT_TARGET = 9.0;
				LD_RUNPATH_SEARCH_PATHS = (
					"$(inherited)",
					"@executable_path/Frameworks",
				);
				PRODUCT_BUNDLE_IDENTIFIER = com.ashoka.glslsandbox.ios;
				PRODUCT_NAME = "$(TARGET_NAME)";
				TARGETED_DEVICE_FAMILY = "1,2";
			};
			name = Release;
		};
/* End XCBuildConfiguration section */

/* Begin XCConfigurationList section */
		F984C61923953E930054A9D1 /* Build configuration list for PBXProject "GLSLSandBox" */ = {
			isa = XCConfigurationList;
			buildConfigurations = (
				F984C63523953E940054A9D1 /* Debug */,
				F984C63623953E940054A9D1 /* Release */,
			);
			defaultConfigurationIsVisible = 0;
			defaultConfigurationName = Release;
		};
		F984C63723953E940054A9D1 /* Build configuration list for PBXNativeTarget "GLSLSandBox" */ = {
			isa = XCConfigurationList;
			buildConfigurations = (
				F984C63823953E940054A9D1 /* Debug */,
				F984C63923953E940054A9D1 /* Release */,
			);
			defaultConfigurationIsVisible = 0;
			defaultConfigurationName = Release;
		};
/* End XCConfigurationList section */
	};
	rootObject = F984C61623953E930054A9D1 /* Project object */;
}
